
Microsoft Visual Studio Solution File, Format Version 12.00
# Visual Studio Version 17
VisualStudioVersion = 17.0.32014.148
MinimumVisualStudioVersion = 10.0.40219.1
Project("{FAE04EC0-301F-11D3-BF4B-00C04F79EFBC}") = "PreProd Experience.Android", "PreProd Experience\PreProd Experience.Android\PreProd Experience.Android.csproj", "{C6F73264-973F-45A2-B3C3-18CF11A47442}"
EndProject
Project("{FAE04EC0-301F-11D3-BF4B-00C04F79EFBC}") = "PreProd Experience.iOS", "PreProd Experience\PreProd Experience.iOS\PreProd Experience.iOS.csproj", "{305E7167-1140-48BE-991E-38F340CB7F04}"
EndProject
Project("{FAE04EC0-301F-11D3-BF4B-00C04F79EFBC}") = "PreProd Experience", "PreProd Experience\PreProd Experience\PreProd Experience.csproj", "{075F72C5-F692-4F4A-A96A-096E82A5300A}"
EndProject
Global
	GlobalSection(SolutionConfigurationPlatforms) = preSolution
		Debug|Any CPU = Debug|Any CPU
		Debug|iPhone = Debug|iPhone
		Debug|iPhoneSimulator = Debug|iPhoneSimulator
		Release|Any CPU = Release|Any CPU
		Release|iPhone = Release|iPhone
		Release|iPhoneSimulator = Release|iPhoneSimulator
	EndGlobalSection
	GlobalSection(ProjectConfigurationPlatforms) = postSolution
		{C6F73264-973F-45A2-B3C3-18CF11A47442}.Debug|Any CPU.ActiveCfg = Debug|Any CPU
		{C6F73264-973F-45A2-B3C3-18CF11A47442}.Debug|Any CPU.Build.0 = Debug|Any CPU
		{C6F73264-973F-45A2-B3C3-18CF11A47442}.Debug|Any CPU.Deploy.0 = Debug|Any CPU
		{C6F73264-973F-45A2-B3C3-18CF11A47442}.Debug|iPhone.ActiveCfg = Debug|Any CPU
		{C6F73264-973F-45A2-B3C3-18CF11A47442}.Debug|iPhone.Build.0 = Debug|Any CPU
		{C6F73264-973F-45A2-B3C3-18CF11A47442}.Debug|iPhone.Deploy.0 = Debug|Any CPU
		{C6F73264-973F-45A2-B3C3-18CF11A47442}.Debug|iPhoneSimulator.ActiveCfg = Debug|Any CPU
		{C6F73264-973F-45A2-B3C3-18CF11A47442}.Debug|iPhoneSimulator.Build.0 = Debug|Any CPU
		{C6F73264-973F-45A2-B3C3-18CF11A47442}.Debug|iPhoneSimulator.Deploy.0 = Debug|Any CPU
		{C6F73264-973F-45A2-B3C3-18CF11A47442}.Release|Any CPU.ActiveCfg = Release|Any CPU
		{C6F73264-973F-45A2-B3C3-18CF11A47442}.Release|Any CPU.Build.0 = Release|Any CPU
		{C6F73264-973F-45A2-B3C3-18CF11A47442}.Release|Any CPU.Deploy.0 = Release|Any CPU
		{C6F73264-973F-45A2-B3C3-18CF11A47442}.Release|iPhone.ActiveCfg = Release|Any CPU
		{C6F73264-973F-45A2-B3C3-18CF11A47442}.Release|iPhone.Build.0 = Release|Any CPU
		{C6F73264-973F-45A2-B3C3-18CF11A47442}.Release|iPhone.Deploy.0 = Release|Any CPU
		{C6F73264-973F-45A2-B3C3-18CF11A47442}.Release|iPhoneSimulator.ActiveCfg = Release|Any CPU
		{C6F73264-973F-45A2-B3C3-18CF11A47442}.Release|iPhoneSimulator.Build.0 = Release|Any CPU
		{C6F73264-973F-45A2-B3C3-18CF11A47442}.Release|iPhoneSimulator.Deploy.0 = Release|Any CPU
		{305E7167-1140-48BE-991E-38F340CB7F04}.Debug|Any CPU.ActiveCfg = Debug|iPhone
		{305E7167-1140-48BE-991E-38F340CB7F04}.Debug|Any CPU.Build.0 = Debug|iPhone
		{305E7167-1140-48BE-991E-38F340CB7F04}.Debug|Any CPU.Deploy.0 = Debug|iPhone
		{305E7167-1140-48BE-991E-38F340CB7F04}.Debug|iPhone.ActiveCfg = Debug|iPhone
		{305E7167-1140-48BE-991E-38F340CB7F04}.Debug|iPhone.Build.0 = Debug|iPhone
		{305E7167-1140-48BE-991E-38F340CB7F04}.Debug|iPhone.Deploy.0 = Debug|iPhone
		{305E7167-1140-48BE-991E-38F340CB7F04}.Debug|iPhoneSimulator.ActiveCfg = Debug|iPhoneSimulator
		{305E7167-1140-48BE-991E-38F340CB7F04}.Debug|iPhoneSimulator.Build.0 = Debug|iPhoneSimulator
		{305E7167-1140-48BE-991E-38F340CB7F04}.Debug|iPhoneSimulator.Deploy.0 = Debug|iPhoneSimulator
		{305E7167-1140-48BE-991E-38F340CB7F04}.Release|Any CPU.ActiveCfg = Release|iPhoneSimulator
		{305E7167-1140-48BE-991E-38F340CB7F04}.Release|Any CPU.Build.0 = Release|iPhoneSimulator
		{305E7167-1140-48BE-991E-38F340CB7F04}.Release|Any CPU.Deploy.0 = Release|iPhoneSimulator
		{305E7167-1140-48BE-991E-38F340CB7F04}.Release|iPhone.ActiveCfg = Release|iPhone
		{305E7167-1140-48BE-991E-38F340CB7F04}.Release|iPhone.Build.0 = Release|iPhone
		{305E7167-1140-48BE-991E-38F340CB7F04}.Release|iPhone.Deploy.0 = Release|iPhone
		{305E7167-1140-48BE-991E-38F340CB7F04}.Release|iPhoneSimulator.ActiveCfg = Release|iPhoneSimulator
		{305E7167-1140-48BE-991E-38F340CB7F04}.Release|iPhoneSimulator.Build.0 = Release|iPhoneSimulator
		{305E7167-1140-48BE-991E-38F340CB7F04}.Release|iPhoneSimulator.Deploy.0 = Release|iPhoneSimulator
		{075F72C5-F692-4F4A-A96A-096E82A5300A}.Debug|Any CPU.ActiveCfg = Debug|Any CPU
		{075F72C5-F692-4F4A-A96A-096E82A5300A}.Debug|Any CPU.Build.0 = Debug|Any CPU
		{075F72C5-F692-4F4A-A96A-096E82A5300A}.Debug|Any CPU.Deploy.0 = Debug|Any CPU
		{075F72C5-F692-4F4A-A96A-096E82A5300A}.Debug|iPhone.ActiveCfg = Debug|Any CPU
		{075F72C5-F692-4F4A-A96A-096E82A5300A}.Debug|iPhone.Build.0 = Debug|Any CPU
		{075F72C5-F692-4F4A-A96A-096E82A5300A}.Debug|iPhone.Deploy.0 = Debug|Any CPU
		{075F72C5-F692-4F4A-A96A-096E82A5300A}.Debug|iPhoneSimulator.ActiveCfg = Debug|Any CPU
		{075F72C5-F692-4F4A-A96A-096E82A5300A}.Debug|iPhoneSimulator.Build.0 = Debug|Any CPU
		{075F72C5-F692-4F4A-A96A-096E82A5300A}.Debug|iPhoneSimulator.Deploy.0 = Debug|Any CPU
		{075F72C5-F692-4F4A-A96A-096E82A5300A}.Release|Any CPU.ActiveCfg = Release|Any CPU
		{075F72C5-F692-4F4A-A96A-096E82A5300A}.Release|Any CPU.Build.0 = Release|Any CPU
		{075F72C5-F692-4F4A-A96A-096E82A5300A}.Release|Any CPU.Deploy.0 = Release|Any CPU
		{075F72C5-F692-4F4A-A96A-096E82A5300A}.Release|iPhone.ActiveCfg = Release|Any CPU
		{075F72C5-F692-4F4A-A96A-096E82A5300A}.Release|iPhone.Build.0 = Release|Any CPU
		{075F72C5-F692-4F4A-A96A-096E82A5300A}.Release|iPhone.Deploy.0 = Release|Any CPU
		{075F72C5-F692-4F4A-A96A-096E82A5300A}.Release|iPhoneSimulator.ActiveCfg = Release|Any CPU
		{075F72C5-F692-4F4A-A96A-096E82A5300A}.Release|iPhoneSimulator.Build.0 = Release|Any CPU
		{075F72C5-F692-4F4A-A96A-096E82A5300A}.Release|iPhoneSimulator.Deploy.0 = Release|Any CPU
	EndGlobalSection
	GlobalSection(SolutionProperties) = preSolution
		HideSolutionNode = FALSE
	EndGlobalSection
	GlobalSection(ExtensibilityGlobals) = postSolution
		SolutionGuid = {DEBE3AE8-C647-4FF8-A835-B2C6F7A27E2B}
	EndGlobalSection
EndGlobal
